
Microsoft Visual Studio Solution File, Format Version 12.00
# Visual Studio 2012
Project("{FAE04EC0-301F-11D3-BF4B-00C04F79EFBC}") = "GSP2016Mock", "GSP2016Mock\GSP2016Mock.csproj", "{221B6D91-CA58-4EF9-B1A4-3E5CC1BE18E3}"
EndProject
Global
	GlobalSection(SolutionConfigurationPlatforms) = preSolution
		Debug|Any CPU = Debug|Any CPU
		Release|Any CPU = Release|Any CPU
	EndGlobalSection
	GlobalSection(ProjectConfigurationPlatforms) = postSolution
		{221B6D91-CA58-4EF9-B1A4-3E5CC1BE18E3}.Debug|Any CPU.ActiveCfg = Debug|Any CPU
		{221B6D91-CA58-4EF9-B1A4-3E5CC1BE18E3}.Debug|Any CPU.Build.0 = Debug|Any CPU
		{221B6D91-CA58-4EF9-B1A4-3E5CC1BE18E3}.Release|Any CPU.ActiveCfg = Release|Any CPU
		{221B6D91-CA58-4EF9-B1A4-3E5CC1BE18E3}.Release|Any CPU.Build.0 = Release|Any CPU
	EndGlobalSection
	GlobalSection(SolutionProperties) = preSolution
		HideSolutionNode = FALSE
	EndGlobalSection
EndGlobal
